// !$*UTF8*$!
{
	archiveVersion = 1;
	classes = {
	};
	objectVersion = 56;
	objects = {

/* Begin PBXBuildFile section */
		0FDB5BA62AE7A7F000B606CF /* GitHub_CloneApp.swift in Sources */ = {isa = PBXBuildFile; fileRef = 0FDB5BA52AE7A7F000B606CF /* GitHub_CloneApp.swift */; };
		0FDB5BA82AE7A7F000B606CF /* HomeView.swift in Sources */ = {isa = PBXBuildFile; fileRef = 0FDB5BA72AE7A7F000B606CF /* HomeView.swift */; };
		0FDB5BAA2AE7A7F100B606CF /* Assets.xcassets in Resources */ = {isa = PBXBuildFile; fileRef = 0FDB5BA92AE7A7F100B606CF /* Assets.xcassets */; };
		0FDB5BAD2AE7A7F100B606CF /* Preview Assets.xcassets in Resources */ = {isa = PBXBuildFile; fileRef = 0FDB5BAC2AE7A7F100B606CF /* Preview Assets.xcassets */; };
		0FDB5BB42AE7BC2000B606CF /* RootView.swift in Sources */ = {isa = PBXBuildFile; fileRef = 0FDB5BB32AE7BC2000B606CF /* RootView.swift */; };
		3A80FA4B2AEA490200DFF65D /* SignIn.swift in Sources */ = {isa = PBXBuildFile; fileRef = 3A80FA4A2AEA490200DFF65D /* SignIn.swift */; };
		3A80FA4D2AEA492400DFF65D /* SignUp.swift in Sources */ = {isa = PBXBuildFile; fileRef = 3A80FA4C2AEA492400DFF65D /* SignUp.swift */; };
		3A80FA4F2AEA495300DFF65D /* Launch Screen.storyboard in Resources */ = {isa = PBXBuildFile; fileRef = 3A80FA4E2AEA495300DFF65D /* Launch Screen.storyboard */; };
		3A80FA512AEA49DE00DFF65D /* Auth.swift in Sources */ = {isa = PBXBuildFile; fileRef = 3A80FA502AEA49DE00DFF65D /* Auth.swift */; };
		3A80FA542AED1A8D00DFF65D /* Explore.swift in Sources */ = {isa = PBXBuildFile; fileRef = 3A80FA532AED1A8D00DFF65D /* Explore.swift */; };
		3A8EB5D72AE921AB007DD4F4 /* Profile.swift in Sources */ = {isa = PBXBuildFile; fileRef = 3A8EB5D62AE921AB007DD4F4 /* Profile.swift */; };
		3AA68B6C2AEA219300435E09 /* Notifications.swift in Sources */ = {isa = PBXBuildFile; fileRef = 3AA68B6B2AEA219300435E09 /* Notifications.swift */; };
/* End PBXBuildFile section */

/* Begin PBXFileReference section */
		0FDB5BA22AE7A7F000B606CF /* GitHub Clone.app */ = {isa = PBXFileReference; explicitFileType = wrapper.application; includeInIndex = 0; path = "GitHub Clone.app"; sourceTree = BUILT_PRODUCTS_DIR; };
		0FDB5BA52AE7A7F000B606CF /* GitHub_CloneApp.swift */ = {isa = PBXFileReference; lastKnownFileType = sourcecode.swift; path = GitHub_CloneApp.swift; sourceTree = "<group>"; };
		0FDB5BA72AE7A7F000B606CF /* HomeView.swift */ = {isa = PBXFileReference; lastKnownFileType = sourcecode.swift; path = HomeView.swift; sourceTree = "<group>"; };
		0FDB5BA92AE7A7F100B606CF /* Assets.xcassets */ = {isa = PBXFileReference; lastKnownFileType = folder.assetcatalog; path = Assets.xcassets; sourceTree = "<group>"; };
		0FDB5BAC2AE7A7F100B606CF /* Preview Assets.xcassets */ = {isa = PBXFileReference; lastKnownFileType = folder.assetcatalog; path = "Preview Assets.xcassets"; sourceTree = "<group>"; };
		0FDB5BB32AE7BC2000B606CF /* RootView.swift */ = {isa = PBXFileReference; lastKnownFileType = sourcecode.swift; path = RootView.swift; sourceTree = "<group>"; };
		3A80FA4A2AEA490200DFF65D /* SignIn.swift */ = {isa = PBXFileReference; lastKnownFileType = sourcecode.swift; path = SignIn.swift; sourceTree = "<group>"; };
		3A80FA4C2AEA492400DFF65D /* SignUp.swift */ = {isa = PBXFileReference; lastKnownFileType = sourcecode.swift; path = SignUp.swift; sourceTree = "<group>"; };
		3A80FA4E2AEA495300DFF65D /* Launch Screen.storyboard */ = {isa = PBXFileReference; lastKnownFileType = file.storyboard; path = "Launch Screen.storyboard"; sourceTree = "<group>"; };
		3A80FA502AEA49DE00DFF65D /* Auth.swift */ = {isa = PBXFileReference; lastKnownFileType = sourcecode.swift; path = Auth.swift; sourceTree = "<group>"; };
		3A80FA532AED1A8D00DFF65D /* Explore.swift */ = {isa = PBXFileReference; lastKnownFileType = sourcecode.swift; path = Explore.swift; sourceTree = "<group>"; };
		3A8EB5D62AE921AB007DD4F4 /* Profile.swift */ = {isa = PBXFileReference; lastKnownFileType = sourcecode.swift; path = Profile.swift; sourceTree = "<group>"; };
		3AA68B6B2AEA219300435E09 /* Notifications.swift */ = {isa = PBXFileReference; lastKnownFileType = sourcecode.swift; path = Notifications.swift; sourceTree = "<group>"; };
/* End PBXFileReference section */

/* Begin PBXFrameworksBuildPhase section */
		0FDB5B9F2AE7A7F000B606CF /* Frameworks */ = {
			isa = PBXFrameworksBuildPhase;
			buildActionMask = 2147483647;
			files = (
			);
			runOnlyForDeploymentPostprocessing = 0;
		};
/* End PBXFrameworksBuildPhase section */

/* Begin PBXGroup section */
		0FDB5B992AE7A7F000B606CF = {
			isa = PBXGroup;
			children = (
				0FDB5BA42AE7A7F000B606CF /* GitHub Clone */,
				0FDB5BA32AE7A7F000B606CF /* Products */,
			);
			sourceTree = "<group>";
		};
		0FDB5BA32AE7A7F000B606CF /* Products */ = {
			isa = PBXGroup;
			children = (
				0FDB5BA22AE7A7F000B606CF /* GitHub Clone.app */,
			);
			name = Products;
			sourceTree = "<group>";
		};
		0FDB5BA42AE7A7F000B606CF /* GitHub Clone */ = {
			isa = PBXGroup;
			children = (
				0FDB5BA52AE7A7F000B606CF /* GitHub_CloneApp.swift */,
				0FDB5BA72AE7A7F000B606CF /* HomeView.swift */,
				0FDB5BA92AE7A7F100B606CF /* Assets.xcassets */,
				0FDB5BAB2AE7A7F100B606CF /* Preview Content */,
				0FDB5BB32AE7BC2000B606CF /* RootView.swift */,
				3A8EB5D62AE921AB007DD4F4 /* Profile.swift */,
				3AA68B6B2AEA219300435E09 /* Notifications.swift */,
				3A80FA532AED1A8D00DFF65D /* Explore.swift */,
				3A80FA522AEA735200DFF65D /* loginpage */,
			);
			path = "GitHub Clone";
			sourceTree = "<group>";
		};
		0FDB5BAB2AE7A7F100B606CF /* Preview Content */ = {
			isa = PBXGroup;
			children = (
				0FDB5BAC2AE7A7F100B606CF /* Preview Assets.xcassets */,
			);
			path = "Preview Content";
			sourceTree = "<group>";
		};
		3A80FA522AEA735200DFF65D /* loginpage */ = {
			isa = PBXGroup;
			children = (
				3A80FA4E2AEA495300DFF65D /* Launch Screen.storyboard */,
				3A80FA502AEA49DE00DFF65D /* Auth.swift */,
				3A80FA4C2AEA492400DFF65D /* SignUp.swift */,
				3A80FA4A2AEA490200DFF65D /* SignIn.swift */,
			);
			path = loginpage;
			sourceTree = "<group>";
		};
/* End PBXGroup section */

/* Begin PBXNativeTarget section */
		0FDB5BA12AE7A7F000B606CF /* GitHub Clone */ = {
			isa = PBXNativeTarget;
			buildConfigurationList = 0FDB5BB02AE7A7F100B606CF /* Build configuration list for PBXNativeTarget "GitHub Clone" */;
			buildPhases = (
				0FDB5B9E2AE7A7F000B606CF /* Sources */,
				0FDB5B9F2AE7A7F000B606CF /* Frameworks */,
				0FDB5BA02AE7A7F000B606CF /* Resources */,
			);
			buildRules = (
			);
			dependencies = (
			);
			name = "GitHub Clone";
			productName = "GitHub Clone";
			productReference = 0FDB5BA22AE7A7F000B606CF /* GitHub Clone.app */;
			productType = "com.apple.product-type.application";
		};
/* End PBXNativeTarget section */

/* Begin PBXProject section */
		0FDB5B9A2AE7A7F000B606CF /* Project object */ = {
			isa = PBXProject;
			attributes = {
				BuildIndependentTargetsInParallel = 1;
				LastSwiftUpdateCheck = 1430;
				LastUpgradeCheck = 1500;
				TargetAttributes = {
					0FDB5BA12AE7A7F000B606CF = {
						CreatedOnToolsVersion = 14.3.1;
					};
				};
			};
			buildConfigurationList = 0FDB5B9D2AE7A7F000B606CF /* Build configuration list for PBXProject "GitHub Clone" */;
			compatibilityVersion = "Xcode 14.0";
			developmentRegion = en;
			hasScannedForEncodings = 0;
			knownRegions = (
				en,
				Base,
			);
			mainGroup = 0FDB5B992AE7A7F000B606CF;
			productRefGroup = 0FDB5BA32AE7A7F000B606CF /* Products */;
			projectDirPath = "";
			projectRoot = "";
			targets = (
				0FDB5BA12AE7A7F000B606CF /* GitHub Clone */,
			);
		};
/* End PBXProject section */

/* Begin PBXResourcesBuildPhase section */
		0FDB5BA02AE7A7F000B606CF /* Resources */ = {
			isa = PBXResourcesBuildPhase;
			buildActionMask = 2147483647;
			files = (
				3A80FA4F2AEA495300DFF65D /* Launch Screen.storyboard in Resources */,
				0FDB5BAD2AE7A7F100B606CF /* Preview Assets.xcassets in Resources */,
				0FDB5BAA2AE7A7F100B606CF /* Assets.xcassets in Resources */,
			);
			runOnlyForDeploymentPostprocessing = 0;
		};
/* End PBXResourcesBuildPhase section */

/* Begin PBXSourcesBuildPhase section */
		0FDB5B9E2AE7A7F000B606CF /* Sources */ = {
			isa = PBXSourcesBuildPhase;
			buildActionMask = 2147483647;
			files = (
				3A80FA4D2AEA492400DFF65D /* SignUp.swift in Sources */,
				0FDB5BA82AE7A7F000B606CF /* HomeView.swift in Sources */,
				3A80FA4B2AEA490200DFF65D /* SignIn.swift in Sources */,
				3A8EB5D72AE921AB007DD4F4 /* Profile.swift in Sources */,
				3AA68B6C2AEA219300435E09 /* Notifications.swift in Sources */,
				0FDB5BA62AE7A7F000B606CF /* GitHub_CloneApp.swift in Sources */,
				0FDB5BB42AE7BC2000B606CF /* RootView.swift in Sources */,
				3A80FA512AEA49DE00DFF65D /* Auth.swift in Sources */,
				3A80FA542AED1A8D00DFF65D /* Explore.swift in Sources */,
			);
			runOnlyForDeploymentPostprocessing = 0;
		};
/* End PBXSourcesBuildPhase section */

/* Begin XCBuildConfiguration section */
		0FDB5BAE2AE7A7F100B606CF /* Debug */ = {
			isa = XCBuildConfiguration;
			buildSettings = {
				ALWAYS_SEARCH_USER_PATHS = NO;
				CLANG_ANALYZER_NONNULL = YES;
				CLANG_ANALYZER_NUMBER_OBJECT_CONVERSION = YES_AGGRESSIVE;
				CLANG_CXX_LANGUAGE_STANDARD = "gnu++20";
				CLANG_ENABLE_MODULES = YES;
				CLANG_ENABLE_OBJC_ARC = YES;
				CLANG_ENABLE_OBJC_WEAK = YES;
				CLANG_WARN_BLOCK_CAPTURE_AUTORELEASING = YES;
				CLANG_WARN_BOOL_CONVERSION = YES;
				CLANG_WARN_COMMA = YES;
				CLANG_WARN_CONSTANT_CONVERSION = YES;
				CLANG_WARN_DEPRECATED_OBJC_IMPLEMENTATIONS = YES;
				CLANG_WARN_DIRECT_OBJC_ISA_USAGE = YES_ERROR;
				CLANG_WARN_DOCUMENTATION_COMMENTS = YES;
				CLANG_WARN_EMPTY_BODY = YES;
				CLANG_WARN_ENUM_CONVERSION = YES;
				CLANG_WARN_INFINITE_RECURSION = YES;
				CLANG_WARN_INT_CONVERSION = YES;
				CLANG_WARN_NON_LITERAL_NULL_CONVERSION = YES;
				CLANG_WARN_OBJC_IMPLICIT_RETAIN_SELF = YES;
				CLANG_WARN_OBJC_LITERAL_CONVERSION = YES;
				CLANG_WARN_OBJC_ROOT_CLASS = YES_ERROR;
				CLANG_WARN_QUOTED_INCLUDE_IN_FRAMEWORK_HEADER = YES;
				CLANG_WARN_RANGE_LOOP_ANALYSIS = YES;
				CLANG_WARN_STRICT_PROTOTYPES = YES;
				CLANG_WARN_SUSPICIOUS_MOVE = YES;
				CLANG_WARN_UNGUARDED_AVAILABILITY = YES_AGGRESSIVE;
				CLANG_WARN_UNREACHABLE_CODE = YES;
				CLANG_WARN__DUPLICATE_METHOD_MATCH = YES;
				COPY_PHASE_STRIP = NO;
				DEBUG_INFORMATION_FORMAT = dwarf;
				ENABLE_STRICT_OBJC_MSGSEND = YES;
				ENABLE_TESTABILITY = YES;
				ENABLE_USER_SCRIPT_SANDBOXING = YES;
				GCC_C_LANGUAGE_STANDARD = gnu11;
				GCC_DYNAMIC_NO_PIC = NO;
				GCC_NO_COMMON_BLOCKS = YES;
				GCC_OPTIMIZATION_LEVEL = 0;
				GCC_PREPROCESSOR_DEFINITIONS = (
					"DEBUG=1",
					"$(inherited)",
				);
				GCC_WARN_64_TO_32_BIT_CONVERSION = YES;
				GCC_WARN_ABOUT_RETURN_TYPE = YES_ERROR;
				GCC_WARN_UNDECLARED_SELECTOR = YES;
				GCC_WARN_UNINITIALIZED_AUTOS = YES_AGGRESSIVE;
				GCC_WARN_UNUSED_FUNCTION = YES;
				GCC_WARN_UNUSED_VARIABLE = YES;
				IPHONEOS_DEPLOYMENT_TARGET = 16.4;
				MTL_ENABLE_DEBUG_INFO = INCLUDE_SOURCE;
				MTL_FAST_MATH = YES;
				ONLY_ACTIVE_ARCH = YES;
				SDKROOT = iphoneos;
				SWIFT_ACTIVE_COMPILATION_CONDITIONS = DEBUG;
				SWIFT_OPTIMIZATION_LEVEL = "-Onone";
			};
			name = Debug;
		};
		0FDB5BAF2AE7A7F100B606CF /* Release */ = {
			isa = XCBuildConfiguration;
			buildSettings = {
				ALWAYS_SEARCH_USER_PATHS = NO;
				CLANG_ANALYZER_NONNULL = YES;
				CLANG_ANALYZER_NUMBER_OBJECT_CONVERSION = YES_AGGRESSIVE;
				CLANG_CXX_LANGUAGE_STANDARD = "gnu++20";
				CLANG_ENABLE_MODULES = YES;
				CLANG_ENABLE_OBJC_ARC = YES;
				CLANG_ENABLE_OBJC_WEAK = YES;
				CLANG_WARN_BLOCK_CAPTURE_AUTORELEASING = YES;
				CLANG_WARN_BOOL_CONVERSION = YES;
				CLANG_WARN_COMMA = YES;
				CLANG_WARN_CONSTANT_CONVERSION = YES;
				CLANG_WARN_DEPRECATED_OBJC_IMPLEMENTATIONS = YES;
				CLANG_WARN_DIRECT_OBJC_ISA_USAGE = YES_ERROR;
				CLANG_WARN_DOCUMENTATION_COMMENTS = YES;
				CLANG_WARN_EMPTY_BODY = YES;
				CLANG_WARN_ENUM_CONVERSION = YES;
				CLANG_WARN_INFINITE_RECURSION = YES;
				CLANG_WARN_INT_CONVERSION = YES;
				CLANG_WARN_NON_LITERAL_NULL_CONVERSION = YES;
				CLANG_WARN_OBJC_IMPLICIT_RETAIN_SELF = YES;
				CLANG_WARN_OBJC_LITERAL_CONVERSION = YES;
				CLANG_WARN_OBJC_ROOT_CLASS = YES_ERROR;
				CLANG_WARN_QUOTED_INCLUDE_IN_FRAMEWORK_HEADER = YES;
				CLANG_WARN_RANGE_LOOP_ANALYSIS = YES;
				CLANG_WARN_STRICT_PROTOTYPES = YES;
				CLANG_WARN_SUSPICIOUS_MOVE = YES;
				CLANG_WARN_UNGUARDED_AVAILABILITY = YES_AGGRESSIVE;
				CLANG_WARN_UNREACHABLE_CODE = YES;
				CLANG_WARN__DUPLICATE_METHOD_MATCH = YES;
				COPY_PHASE_STRIP = NO;
				DEBUG_INFORMATION_FORMAT = "dwarf-with-dsym";
				ENABLE_NS_ASSERTIONS = NO;
				ENABLE_STRICT_OBJC_MSGSEND = YES;
				ENABLE_USER_SCRIPT_SANDBOXING = YES;
				GCC_C_LANGUAGE_STANDARD = gnu11;
				GCC_NO_COMMON_BLOCKS = YES;
				GCC_WARN_64_TO_32_BIT_CONVERSION = YES;
				GCC_WARN_ABOUT_RETURN_TYPE = YES_ERROR;
				GCC_WARN_UNDECLARED_SELECTOR = YES;
				GCC_WARN_UNINITIALIZED_AUTOS = YES_AGGRESSIVE;
				GCC_WARN_UNUSED_FUNCTION = YES;
				GCC_WARN_UNUSED_VARIABLE = YES;
				IPHONEOS_DEPLOYMENT_TARGET = 16.4;
				MTL_ENABLE_DEBUG_INFO = NO;
				MTL_FAST_MATH = YES;
				SDKROOT = iphoneos;
				SWIFT_COMPILATION_MODE = wholemodule;
				SWIFT_OPTIMIZATION_LEVEL = "-O";
				VALIDATE_PRODUCT = YES;
			};
			name = Release;
		};
		0FDB5BB12AE7A7F100B606CF /* Debug */ = {
			isa = XCBuildConfiguration;
			buildSettings = {
				ASSETCATALOG_COMPILER_APPICON_NAME = AppIcon;
				ASSETCATALOG_COMPILER_GLOBAL_ACCENT_COLOR_NAME = AccentColor;
				CODE_SIGN_IDENTITY = "Apple Development";
				CODE_SIGN_STYLE = Automatic;
				CURRENT_PROJECT_VERSION = 1;
				DEVELOPMENT_ASSET_PATHS = "\"GitHub Clone/Preview Content\"";
				DEVELOPMENT_TEAM = "";
				ENABLE_PREVIEWS = YES;
				GENERATE_INFOPLIST_FILE = YES;
				INFOPLIST_KEY_UIApplicationSceneManifest_Generation = YES;
				INFOPLIST_KEY_UIApplicationSupportsIndirectInputEvents = YES;
				INFOPLIST_KEY_UILaunchScreen_Generation = YES;
				INFOPLIST_KEY_UILaunchStoryboardName = "Launch Screen.storyboard";
				INFOPLIST_KEY_UISupportedInterfaceOrientations_iPad = "UIInterfaceOrientationPortrait UIInterfaceOrientationPortraitUpsideDown UIInterfaceOrientationLandscapeLeft UIInterfaceOrientationLandscapeRight";
				INFOPLIST_KEY_UISupportedInterfaceOrientations_iPhone = "UIInterfaceOrientationPortrait UIInterfaceOrientationLandscapeLeft UIInterfaceOrientationLandscapeRight";
				IPHONEOS_DEPLOYMENT_TARGET = 17.0;
				LD_RUNPATH_SEARCH_PATHS = (
					"$(inherited)",
					"@executable_path/Frameworks",
				);
				MARKETING_VERSION = 1.0;
				PRODUCT_BUNDLE_IDENTIFIER = n;
				PRODUCT_NAME = "$(TARGET_NAME)";
				PROVISIONING_PROFILE_SPECIFIER = "";
				SWIFT_EMIT_LOC_STRINGS = YES;
				SWIFT_VERSION = 5.0;
				TARGETED_DEVICE_FAMILY = "1,2";
			};
			name = Debug;
		};
		0FDB5BB22AE7A7F100B606CF /* Release */ = {
			isa = XCBuildConfiguration;
			buildSettings = {
				ASSETCATALOG_COMPILER_APPICON_NAME = AppIcon;
				ASSETCATALOG_COMPILER_GLOBAL_ACCENT_COLOR_NAME = AccentColor;
				CODE_SIGN_IDENTITY = "Apple Development";
				CODE_SIGN_STYLE = Automatic;
				CURRENT_PROJECT_VERSION = 1;
				DEVELOPMENT_ASSET_PATHS = "\"GitHub Clone/Preview Content\"";
				DEVELOPMENT_TEAM = "";
				ENABLE_PREVIEWS = YES;
				GENERATE_INFOPLIST_FILE = YES;
				INFOPLIST_KEY_UIApplicationSceneManifest_Generation = YES;
				INFOPLIST_KEY_UIApplicationSupportsIndirectInputEvents = YES;
				INFOPLIST_KEY_UILaunchScreen_Generation = YES;
				INFOPLIST_KEY_UILaunchStoryboardName = "Launch Screen.storyboard";
				INFOPLIST_KEY_UISupportedInterfaceOrientations_iPad = "UIInterfaceOrientationPortrait UIInterfaceOrientationPortraitUpsideDown UIInterfaceOrientationLandscapeLeft UIInterfaceOrientationLandscapeRight";
				INFOPLIST_KEY_UISupportedInterfaceOrientations_iPhone = "UIInterfaceOrientationPortrait UIInterfaceOrientationLandscapeLeft UIInterfaceOrientationLandscapeRight";
				IPHONEOS_DEPLOYMENT_TARGET = 17.0;
				LD_RUNPATH_SEARCH_PATHS = (
					"$(inherited)",
					"@executable_path/Frameworks",
				);
				MARKETING_VERSION = 1.0;
				PRODUCT_BUNDLE_IDENTIFIER = n;
				PRODUCT_NAME = "$(TARGET_NAME)";
				PROVISIONING_PROFILE_SPECIFIER = "";
				SWIFT_EMIT_LOC_STRINGS = YES;
				SWIFT_VERSION = 5.0;
				TARGETED_DEVICE_FAMILY = "1,2";
			};
			name = Release;
		};
/* End XCBuildConfiguration section */

/* Begin XCConfigurationList section */
		0FDB5B9D2AE7A7F000B606CF /* Build configuration list for PBXProject "GitHub Clone" */ = {
			isa = XCConfigurationList;
			buildConfigurations = (
				0FDB5BAE2AE7A7F100B606CF /* Debug */,
				0FDB5BAF2AE7A7F100B606CF /* Release */,
			);
			defaultConfigurationIsVisible = 0;
			defaultConfigurationName = Release;
		};
		0FDB5BB02AE7A7F100B606CF /* Build configuration list for PBXNativeTarget "GitHub Clone" */ = {
			isa = XCConfigurationList;
			buildConfigurations = (
				0FDB5BB12AE7A7F100B606CF /* Debug */,
				0FDB5BB22AE7A7F100B606CF /* Release */,
			);
			defaultConfigurationIsVisible = 0;
			defaultConfigurationName = Release;
		};
/* End XCConfigurationList section */
	};
	rootObject = 0FDB5B9A2AE7A7F000B606CF /* Project object */;
}
